
Microsoft Visual Studio Solution File, Format Version 12.00
# Visual Studio Version 16
VisualStudioVersion = 16.0.29209.62
MinimumVisualStudioVersion = 10.0.40219.1
Project("{9092AA53-FB77-4645-B42D-1CCCA6BD08BD}") = "Shopping_Cart_Api", "Shopping_Cart_Api.njsproj", "{8DBCDBA4-5256-46FF-B753-5CAE6A3DD2D7}"
EndProject
Global
	GlobalSection(SolutionConfigurationPlatforms) = preSolution
		Debug|Any CPU = Debug|Any CPU
		Release|Any CPU = Release|Any CPU
	EndGlobalSection
	GlobalSection(ProjectConfigurationPlatforms) = postSolution
		{8DBCDBA4-5256-46FF-B753-5CAE6A3DD2D7}.Debug|Any CPU.ActiveCfg = Debug|Any CPU
		{8DBCDBA4-5256-46FF-B753-5CAE6A3DD2D7}.Debug|Any CPU.Build.0 = Debug|Any CPU
		{8DBCDBA4-5256-46FF-B753-5CAE6A3DD2D7}.Release|Any CPU.ActiveCfg = Release|Any CPU
		{8DBCDBA4-5256-46FF-B753-5CAE6A3DD2D7}.Release|Any CPU.Build.0 = Release|Any CPU
	EndGlobalSection
	GlobalSection(SolutionProperties) = preSolution
		HideSolutionNode = FALSE
	EndGlobalSection
	GlobalSection(ExtensibilityGlobals) = postSolution
		SolutionGuid = {6AFDAD07-1608-472B-B077-C893D59D4A5A}
	EndGlobalSection
EndGlobal
